
Microsoft Visual Studio Solution File, Format Version 12.00
# Visual Studio Version 16
VisualStudioVersion = 16.0.32228.343
MinimumVisualStudioVersion = 10.0.40219.1
Project("{FAE04EC0-301F-11D3-BF4B-00C04F79EFBC}") = "Exercício 05", "Exercício 05\Exercício 05.csproj", "{10ACDDA1-493D-4EF9-9CA0-DA0F42BDAFDB}"
EndProject
Global
	GlobalSection(SolutionConfigurationPlatforms) = preSolution
		Debug|Any CPU = Debug|Any CPU
		Release|Any CPU = Release|Any CPU
	EndGlobalSection
	GlobalSection(ProjectConfigurationPlatforms) = postSolution
		{10ACDDA1-493D-4EF9-9CA0-DA0F42BDAFDB}.Debug|Any CPU.ActiveCfg = Debug|Any CPU
		{10ACDDA1-493D-4EF9-9CA0-DA0F42BDAFDB}.Debug|Any CPU.Build.0 = Debug|Any CPU
		{10ACDDA1-493D-4EF9-9CA0-DA0F42BDAFDB}.Release|Any CPU.ActiveCfg = Release|Any CPU
		{10ACDDA1-493D-4EF9-9CA0-DA0F42BDAFDB}.Release|Any CPU.Build.0 = Release|Any CPU
	EndGlobalSection
	GlobalSection(SolutionProperties) = preSolution
		HideSolutionNode = FALSE
	EndGlobalSection
	GlobalSection(ExtensibilityGlobals) = postSolution
		SolutionGuid = {8F417641-2F5C-41F1-AE40-CD1592AD74E7}
	EndGlobalSection
EndGlobal
