
Microsoft Visual Studio Solution File, Format Version 12.00
# Visual Studio Version 16
VisualStudioVersion = 16.0.32228.343
MinimumVisualStudioVersion = 10.0.40219.1
Project("{FAE04EC0-301F-11D3-BF4B-00C04F79EFBC}") = "Exercício 07", "Exercício 07\Exercício 07.csproj", "{913BB7FA-D086-4CD6-9674-AFA0767FE4BE}"
EndProject
Global
	GlobalSection(SolutionConfigurationPlatforms) = preSolution
		Debug|Any CPU = Debug|Any CPU
		Release|Any CPU = Release|Any CPU
	EndGlobalSection
	GlobalSection(ProjectConfigurationPlatforms) = postSolution
		{913BB7FA-D086-4CD6-9674-AFA0767FE4BE}.Debug|Any CPU.ActiveCfg = Debug|Any CPU
		{913BB7FA-D086-4CD6-9674-AFA0767FE4BE}.Debug|Any CPU.Build.0 = Debug|Any CPU
		{913BB7FA-D086-4CD6-9674-AFA0767FE4BE}.Release|Any CPU.ActiveCfg = Release|Any CPU
		{913BB7FA-D086-4CD6-9674-AFA0767FE4BE}.Release|Any CPU.Build.0 = Release|Any CPU
	EndGlobalSection
	GlobalSection(SolutionProperties) = preSolution
		HideSolutionNode = FALSE
	EndGlobalSection
	GlobalSection(ExtensibilityGlobals) = postSolution
		SolutionGuid = {66543DC7-81AE-45EC-9BE4-21A4C3E6850C}
	EndGlobalSection
EndGlobal
